
Microsoft Visual Studio Solution File, Format Version 12.00
# Visual Studio Version 17
VisualStudioVersion = 17.6.33723.286
MinimumVisualStudioVersion = 10.0.40219.1
Project("{9A19103F-16F7-4668-BE54-9A1E7A4F7556}") = "training-broker.integration.api", "training-broker.integration.api.csproj", "{8E7484FE-F60B-4A13-85EE-2E4135D46F9E}"
EndProject
Project("{9A19103F-16F7-4668-BE54-9A1E7A4F7556}") = "training-broker.integration.infrastructure", "..\training-broker.integration.infrastructure\training-broker.integration.infrastructure.csproj", "{0D673FE4-6BD7-4B6A-BF44-E1998D8B25FD}"
EndProject
Project("{9A19103F-16F7-4668-BE54-9A1E7A4F7556}") = "training-broker.integration.handler", "..\training-broker.integration.handler\training-broker.integration.handler.csproj", "{79E29673-6616-46E8-BD51-26BC297781F6}"
EndProject
Global
	GlobalSection(SolutionConfigurationPlatforms) = preSolution
		Debug|Any CPU = Debug|Any CPU
		Release|Any CPU = Release|Any CPU
	EndGlobalSection
	GlobalSection(ProjectConfigurationPlatforms) = postSolution
		{8E7484FE-F60B-4A13-85EE-2E4135D46F9E}.Debug|Any CPU.ActiveCfg = Debug|Any CPU
		{8E7484FE-F60B-4A13-85EE-2E4135D46F9E}.Debug|Any CPU.Build.0 = Debug|Any CPU
		{8E7484FE-F60B-4A13-85EE-2E4135D46F9E}.Release|Any CPU.ActiveCfg = Release|Any CPU
		{8E7484FE-F60B-4A13-85EE-2E4135D46F9E}.Release|Any CPU.Build.0 = Release|Any CPU
		{0D673FE4-6BD7-4B6A-BF44-E1998D8B25FD}.Debug|Any CPU.ActiveCfg = Debug|Any CPU
		{0D673FE4-6BD7-4B6A-BF44-E1998D8B25FD}.Debug|Any CPU.Build.0 = Debug|Any CPU
		{0D673FE4-6BD7-4B6A-BF44-E1998D8B25FD}.Release|Any CPU.ActiveCfg = Release|Any CPU
		{0D673FE4-6BD7-4B6A-BF44-E1998D8B25FD}.Release|Any CPU.Build.0 = Release|Any CPU
		{79E29673-6616-46E8-BD51-26BC297781F6}.Debug|Any CPU.ActiveCfg = Debug|Any CPU
		{79E29673-6616-46E8-BD51-26BC297781F6}.Debug|Any CPU.Build.0 = Debug|Any CPU
		{79E29673-6616-46E8-BD51-26BC297781F6}.Release|Any CPU.ActiveCfg = Release|Any CPU
		{79E29673-6616-46E8-BD51-26BC297781F6}.Release|Any CPU.Build.0 = Release|Any CPU
	EndGlobalSection
	GlobalSection(SolutionProperties) = preSolution
		HideSolutionNode = FALSE
	EndGlobalSection
	GlobalSection(ExtensibilityGlobals) = postSolution
		SolutionGuid = {610E2A1C-BC21-46A3-A933-C369E577BBB7}
	EndGlobalSection
EndGlobal
